// !$*UTF8*$!
{
	archiveVersion = 1;
	classes = {
	};
	objectVersion = 56;
	objects = {

/* Begin PBXBuildFile section */
		B7D5DAE42B5C038800C7357E /* ComposableArchitectureTutorialApp.swift in Sources */ = {isa = PBXBuildFile; fileRef = B7D5DAE32B5C038800C7357E /* ComposableArchitectureTutorialApp.swift */; };
		B7D5DAE62B5C038800C7357E /* CounterView.swift in Sources */ = {isa = PBXBuildFile; fileRef = B7D5DAE52B5C038800C7357E /* CounterView.swift */; };
		B7D5DAE82B5C038900C7357E /* Assets.xcassets in Resources */ = {isa = PBXBuildFile; fileRef = B7D5DAE72B5C038900C7357E /* Assets.xcassets */; };
		B7D5DAEB2B5C038900C7357E /* Preview Assets.xcassets in Resources */ = {isa = PBXBuildFile; fileRef = B7D5DAEA2B5C038900C7357E /* Preview Assets.xcassets */; };
		B7D5DAF52B5C038900C7357E /* ComposableArchitectureTutorialTests.swift in Sources */ = {isa = PBXBuildFile; fileRef = B7D5DAF42B5C038900C7357E /* ComposableArchitectureTutorialTests.swift */; };
		B7D5DAFF2B5C038900C7357E /* ComposableArchitectureTutorialUITests.swift in Sources */ = {isa = PBXBuildFile; fileRef = B7D5DAFE2B5C038900C7357E /* ComposableArchitectureTutorialUITests.swift */; };
		B7D5DB012B5C038900C7357E /* ComposableArchitectureTutorialUITestsLaunchTests.swift in Sources */ = {isa = PBXBuildFile; fileRef = B7D5DB002B5C038900C7357E /* ComposableArchitectureTutorialUITestsLaunchTests.swift */; };
		B7D5DB0F2B5C045400C7357E /* ComposableArchitecture in Frameworks */ = {isa = PBXBuildFile; productRef = B7D5DB0E2B5C045400C7357E /* ComposableArchitecture */; };
		B7D5DB132B5C184400C7357E /* CounterFeature.swift in Sources */ = {isa = PBXBuildFile; fileRef = B7D5DB122B5C184400C7357E /* CounterFeature.swift */; };
		B7D5DB162B5CFECD00C7357E /* AppFeature.swift in Sources */ = {isa = PBXBuildFile; fileRef = B7D5DB152B5CFECD00C7357E /* AppFeature.swift */; };
		B7D5DB182B5D02C700C7357E /* AppView.swift in Sources */ = {isa = PBXBuildFile; fileRef = B7D5DB172B5D02C700C7357E /* AppView.swift */; };
/* End PBXBuildFile section */

/* Begin PBXContainerItemProxy section */
		B7D5DAF12B5C038900C7357E /* PBXContainerItemProxy */ = {
			isa = PBXContainerItemProxy;
			containerPortal = B7D5DAD82B5C038800C7357E /* Project object */;
			proxyType = 1;
			remoteGlobalIDString = B7D5DADF2B5C038800C7357E;
			remoteInfo = ComposableArchitectureTutorial;
		};
		B7D5DAFB2B5C038900C7357E /* PBXContainerItemProxy */ = {
			isa = PBXContainerItemProxy;
			containerPortal = B7D5DAD82B5C038800C7357E /* Project object */;
			proxyType = 1;
			remoteGlobalIDString = B7D5DADF2B5C038800C7357E;
			remoteInfo = ComposableArchitectureTutorial;
		};
/* End PBXContainerItemProxy section */

/* Begin PBXFileReference section */
		B7D5DAE02B5C038800C7357E /* ComposableArchitectureTutorial.app */ = {isa = PBXFileReference; explicitFileType = wrapper.application; includeInIndex = 0; path = ComposableArchitectureTutorial.app; sourceTree = BUILT_PRODUCTS_DIR; };
		B7D5DAE32B5C038800C7357E /* ComposableArchitectureTutorialApp.swift */ = {isa = PBXFileReference; lastKnownFileType = sourcecode.swift; path = ComposableArchitectureTutorialApp.swift; sourceTree = "<group>"; };
		B7D5DAE52B5C038800C7357E /* CounterView.swift */ = {isa = PBXFileReference; lastKnownFileType = sourcecode.swift; path = CounterView.swift; sourceTree = "<group>"; };
		B7D5DAE72B5C038900C7357E /* Assets.xcassets */ = {isa = PBXFileReference; lastKnownFileType = folder.assetcatalog; path = Assets.xcassets; sourceTree = "<group>"; };
		B7D5DAEA2B5C038900C7357E /* Preview Assets.xcassets */ = {isa = PBXFileReference; lastKnownFileType = folder.assetcatalog; path = "Preview Assets.xcassets"; sourceTree = "<group>"; };
		B7D5DAF02B5C038900C7357E /* ComposableArchitectureTutorialTests.xctest */ = {isa = PBXFileReference; explicitFileType = wrapper.cfbundle; includeInIndex = 0; path = ComposableArchitectureTutorialTests.xctest; sourceTree = BUILT_PRODUCTS_DIR; };
		B7D5DAF42B5C038900C7357E /* ComposableArchitectureTutorialTests.swift */ = {isa = PBXFileReference; lastKnownFileType = sourcecode.swift; path = ComposableArchitectureTutorialTests.swift; sourceTree = "<group>"; };
		B7D5DAFA2B5C038900C7357E /* ComposableArchitectureTutorialUITests.xctest */ = {isa = PBXFileReference; explicitFileType = wrapper.cfbundle; includeInIndex = 0; path = ComposableArchitectureTutorialUITests.xctest; sourceTree = BUILT_PRODUCTS_DIR; };
		B7D5DAFE2B5C038900C7357E /* ComposableArchitectureTutorialUITests.swift */ = {isa = PBXFileReference; lastKnownFileType = sourcecode.swift; path = ComposableArchitectureTutorialUITests.swift; sourceTree = "<group>"; };
		B7D5DB002B5C038900C7357E /* ComposableArchitectureTutorialUITestsLaunchTests.swift */ = {isa = PBXFileReference; lastKnownFileType = sourcecode.swift; path = ComposableArchitectureTutorialUITestsLaunchTests.swift; sourceTree = "<group>"; };
		B7D5DB122B5C184400C7357E /* CounterFeature.swift */ = {isa = PBXFileReference; lastKnownFileType = sourcecode.swift; path = CounterFeature.swift; sourceTree = "<group>"; };
		B7D5DB142B5CF8A700C7357E /* Info.plist */ = {isa = PBXFileReference; lastKnownFileType = text.plist; path = Info.plist; sourceTree = "<group>"; };
		B7D5DB152B5CFECD00C7357E /* AppFeature.swift */ = {isa = PBXFileReference; lastKnownFileType = sourcecode.swift; path = AppFeature.swift; sourceTree = "<group>"; };
		B7D5DB172B5D02C700C7357E /* AppView.swift */ = {isa = PBXFileReference; lastKnownFileType = sourcecode.swift; path = AppView.swift; sourceTree = "<group>"; };
/* End PBXFileReference section */

/* Begin PBXFrameworksBuildPhase section */
		B7D5DADD2B5C038800C7357E /* Frameworks */ = {
			isa = PBXFrameworksBuildPhase;
			buildActionMask = 2147483647;
			files = (
				B7D5DB0F2B5C045400C7357E /* ComposableArchitecture in Frameworks */,
			);
			runOnlyForDeploymentPostprocessing = 0;
		};
		B7D5DAED2B5C038900C7357E /* Frameworks */ = {
			isa = PBXFrameworksBuildPhase;
			buildActionMask = 2147483647;
			files = (
			);
			runOnlyForDeploymentPostprocessing = 0;
		};
		B7D5DAF72B5C038900C7357E /* Frameworks */ = {
			isa = PBXFrameworksBuildPhase;
			buildActionMask = 2147483647;
			files = (
			);
			runOnlyForDeploymentPostprocessing = 0;
		};
/* End PBXFrameworksBuildPhase section */

/* Begin PBXGroup section */
		B7D5DAD72B5C038800C7357E = {
			isa = PBXGroup;
			children = (
				B7D5DAE22B5C038800C7357E /* ComposableArchitectureTutorial */,
				B7D5DAF32B5C038900C7357E /* ComposableArchitectureTutorialTests */,
				B7D5DAFD2B5C038900C7357E /* ComposableArchitectureTutorialUITests */,
				B7D5DAE12B5C038800C7357E /* Products */,
			);
			sourceTree = "<group>";
		};
		B7D5DAE12B5C038800C7357E /* Products */ = {
			isa = PBXGroup;
			children = (
				B7D5DAE02B5C038800C7357E /* ComposableArchitectureTutorial.app */,
				B7D5DAF02B5C038900C7357E /* ComposableArchitectureTutorialTests.xctest */,
				B7D5DAFA2B5C038900C7357E /* ComposableArchitectureTutorialUITests.xctest */,
			);
			name = Products;
			sourceTree = "<group>";
		};
		B7D5DAE22B5C038800C7357E /* ComposableArchitectureTutorial */ = {
			isa = PBXGroup;
			children = (
				B7D5DB142B5CF8A700C7357E /* Info.plist */,
				B7D5DB112B5C182200C7357E /* Feature */,
				B7D5DB102B5C181D00C7357E /* App */,
				B7D5DAE72B5C038900C7357E /* Assets.xcassets */,
				B7D5DAE92B5C038900C7357E /* Preview Content */,
			);
			path = ComposableArchitectureTutorial;
			sourceTree = "<group>";
		};
		B7D5DAE92B5C038900C7357E /* Preview Content */ = {
			isa = PBXGroup;
			children = (
				B7D5DAEA2B5C038900C7357E /* Preview Assets.xcassets */,
			);
			path = "Preview Content";
			sourceTree = "<group>";
		};
		B7D5DAF32B5C038900C7357E /* ComposableArchitectureTutorialTests */ = {
			isa = PBXGroup;
			children = (
				B7D5DAF42B5C038900C7357E /* ComposableArchitectureTutorialTests.swift */,
			);
			path = ComposableArchitectureTutorialTests;
			sourceTree = "<group>";
		};
		B7D5DAFD2B5C038900C7357E /* ComposableArchitectureTutorialUITests */ = {
			isa = PBXGroup;
			children = (
				B7D5DAFE2B5C038900C7357E /* ComposableArchitectureTutorialUITests.swift */,
				B7D5DB002B5C038900C7357E /* ComposableArchitectureTutorialUITestsLaunchTests.swift */,
			);
			path = ComposableArchitectureTutorialUITests;
			sourceTree = "<group>";
		};
		B7D5DB102B5C181D00C7357E /* App */ = {
			isa = PBXGroup;
			children = (
				B7D5DAE32B5C038800C7357E /* ComposableArchitectureTutorialApp.swift */,
				B7D5DB152B5CFECD00C7357E /* AppFeature.swift */,
				B7D5DB172B5D02C700C7357E /* AppView.swift */,
			);
			path = App;
			sourceTree = "<group>";
		};
		B7D5DB112B5C182200C7357E /* Feature */ = {
			isa = PBXGroup;
			children = (
				B7D5DAE52B5C038800C7357E /* CounterView.swift */,
				B7D5DB122B5C184400C7357E /* CounterFeature.swift */,
			);
			path = Feature;
			sourceTree = "<group>";
		};
/* End PBXGroup section */

/* Begin PBXNativeTarget section */
		B7D5DADF2B5C038800C7357E /* ComposableArchitectureTutorial */ = {
			isa = PBXNativeTarget;
			buildConfigurationList = B7D5DB042B5C038900C7357E /* Build configuration list for PBXNativeTarget "ComposableArchitectureTutorial" */;
			buildPhases = (
				B7D5DADC2B5C038800C7357E /* Sources */,
				B7D5DADD2B5C038800C7357E /* Frameworks */,
				B7D5DADE2B5C038800C7357E /* Resources */,
			);
			buildRules = (
			);
			dependencies = (
			);
			name = ComposableArchitectureTutorial;
			packageProductDependencies = (
				B7D5DB0E2B5C045400C7357E /* ComposableArchitecture */,
			);
			productName = ComposableArchitectureTutorial;
			productReference = B7D5DAE02B5C038800C7357E /* ComposableArchitectureTutorial.app */;
			productType = "com.apple.product-type.application";
		};
		B7D5DAEF2B5C038900C7357E /* ComposableArchitectureTutorialTests */ = {
			isa = PBXNativeTarget;
			buildConfigurationList = B7D5DB072B5C038900C7357E /* Build configuration list for PBXNativeTarget "ComposableArchitectureTutorialTests" */;
			buildPhases = (
				B7D5DAEC2B5C038900C7357E /* Sources */,
				B7D5DAED2B5C038900C7357E /* Frameworks */,
				B7D5DAEE2B5C038900C7357E /* Resources */,
			);
			buildRules = (
			);
			dependencies = (
				B7D5DAF22B5C038900C7357E /* PBXTargetDependency */,
			);
			name = ComposableArchitectureTutorialTests;
			productName = ComposableArchitectureTutorialTests;
			productReference = B7D5DAF02B5C038900C7357E /* ComposableArchitectureTutorialTests.xctest */;
			productType = "com.apple.product-type.bundle.unit-test";
		};
		B7D5DAF92B5C038900C7357E /* ComposableArchitectureTutorialUITests */ = {
			isa = PBXNativeTarget;
			buildConfigurationList = B7D5DB0A2B5C038900C7357E /* Build configuration list for PBXNativeTarget "ComposableArchitectureTutorialUITests" */;
			buildPhases = (
				B7D5DAF62B5C038900C7357E /* Sources */,
				B7D5DAF72B5C038900C7357E /* Frameworks */,
				B7D5DAF82B5C038900C7357E /* Resources */,
			);
			buildRules = (
			);
			dependencies = (
				B7D5DAFC2B5C038900C7357E /* PBXTargetDependency */,
			);
			name = ComposableArchitectureTutorialUITests;
			productName = ComposableArchitectureTutorialUITests;
			productReference = B7D5DAFA2B5C038900C7357E /* ComposableArchitectureTutorialUITests.xctest */;
			productType = "com.apple.product-type.bundle.ui-testing";
		};
/* End PBXNativeTarget section */

/* Begin PBXProject section */
		B7D5DAD82B5C038800C7357E /* Project object */ = {
			isa = PBXProject;
			attributes = {
				BuildIndependentTargetsInParallel = 1;
				LastSwiftUpdateCheck = 1500;
				LastUpgradeCheck = 1500;
				TargetAttributes = {
					B7D5DADF2B5C038800C7357E = {
						CreatedOnToolsVersion = 15.0.1;
					};
					B7D5DAEF2B5C038900C7357E = {
						CreatedOnToolsVersion = 15.0.1;
						TestTargetID = B7D5DADF2B5C038800C7357E;
					};
					B7D5DAF92B5C038900C7357E = {
						CreatedOnToolsVersion = 15.0.1;
						TestTargetID = B7D5DADF2B5C038800C7357E;
					};
				};
			};
			buildConfigurationList = B7D5DADB2B5C038800C7357E /* Build configuration list for PBXProject "ComposableArchitectureTutorial" */;
			compatibilityVersion = "Xcode 14.0";
			developmentRegion = en;
			hasScannedForEncodings = 0;
			knownRegions = (
				en,
				Base,
			);
			mainGroup = B7D5DAD72B5C038800C7357E;
			packageReferences = (
				B7D5DB0D2B5C045400C7357E /* XCRemoteSwiftPackageReference "swift-composable-architecture" */,
			);
			productRefGroup = B7D5DAE12B5C038800C7357E /* Products */;
			projectDirPath = "";
			projectRoot = "";
			targets = (
				B7D5DADF2B5C038800C7357E /* ComposableArchitectureTutorial */,
				B7D5DAEF2B5C038900C7357E /* ComposableArchitectureTutorialTests */,
				B7D5DAF92B5C038900C7357E /* ComposableArchitectureTutorialUITests */,
			);
		};
/* End PBXProject section */

/* Begin PBXResourcesBuildPhase section */
		B7D5DADE2B5C038800C7357E /* Resources */ = {
			isa = PBXResourcesBuildPhase;
			buildActionMask = 2147483647;
			files = (
				B7D5DAEB2B5C038900C7357E /* Preview Assets.xcassets in Resources */,
				B7D5DAE82B5C038900C7357E /* Assets.xcassets in Resources */,
			);
			runOnlyForDeploymentPostprocessing = 0;
		};
		B7D5DAEE2B5C038900C7357E /* Resources */ = {
			isa = PBXResourcesBuildPhase;
			buildActionMask = 2147483647;
			files = (
			);
			runOnlyForDeploymentPostprocessing = 0;
		};
		B7D5DAF82B5C038900C7357E /* Resources */ = {
			isa = PBXResourcesBuildPhase;
			buildActionMask = 2147483647;
			files = (
			);
			runOnlyForDeploymentPostprocessing = 0;
		};
/* End PBXResourcesBuildPhase section */

/* Begin PBXSourcesBuildPhase section */
		B7D5DADC2B5C038800C7357E /* Sources */ = {
			isa = PBXSourcesBuildPhase;
			buildActionMask = 2147483647;
			files = (
				B7D5DB162B5CFECD00C7357E /* AppFeature.swift in Sources */,
				B7D5DB132B5C184400C7357E /* CounterFeature.swift in Sources */,
				B7D5DAE62B5C038800C7357E /* CounterView.swift in Sources */,
				B7D5DB182B5D02C700C7357E /* AppView.swift in Sources */,
				B7D5DAE42B5C038800C7357E /* ComposableArchitectureTutorialApp.swift in Sources */,
			);
			runOnlyForDeploymentPostprocessing = 0;
		};
		B7D5DAEC2B5C038900C7357E /* Sources */ = {
			isa = PBXSourcesBuildPhase;
			buildActionMask = 2147483647;
			files = (
				B7D5DAF52B5C038900C7357E /* ComposableArchitectureTutorialTests.swift in Sources */,
			);
			runOnlyForDeploymentPostprocessing = 0;
		};
		B7D5DAF62B5C038900C7357E /* Sources */ = {
			isa = PBXSourcesBuildPhase;
			buildActionMask = 2147483647;
			files = (
				B7D5DB012B5C038900C7357E /* ComposableArchitectureTutorialUITestsLaunchTests.swift in Sources */,
				B7D5DAFF2B5C038900C7357E /* ComposableArchitectureTutorialUITests.swift in Sources */,
			);
			runOnlyForDeploymentPostprocessing = 0;
		};
/* End PBXSourcesBuildPhase section */

/* Begin PBXTargetDependency section */
		B7D5DAF22B5C038900C7357E /* PBXTargetDependency */ = {
			isa = PBXTargetDependency;
			target = B7D5DADF2B5C038800C7357E /* ComposableArchitectureTutorial */;
			targetProxy = B7D5DAF12B5C038900C7357E /* PBXContainerItemProxy */;
		};
		B7D5DAFC2B5C038900C7357E /* PBXTargetDependency */ = {
			isa = PBXTargetDependency;
			target = B7D5DADF2B5C038800C7357E /* ComposableArchitectureTutorial */;
			targetProxy = B7D5DAFB2B5C038900C7357E /* PBXContainerItemProxy */;
		};
/* End PBXTargetDependency section */

/* Begin XCBuildConfiguration section */
		B7D5DB022B5C038900C7357E /* Debug */ = {
			isa = XCBuildConfiguration;
			buildSettings = {
				ALWAYS_SEARCH_USER_PATHS = NO;
				ASSETCATALOG_COMPILER_GENERATE_SWIFT_ASSET_SYMBOL_EXTENSIONS = YES;
				CLANG_ANALYZER_NONNULL = YES;
				CLANG_ANALYZER_NUMBER_OBJECT_CONVERSION = YES_AGGRESSIVE;
				CLANG_CXX_LANGUAGE_STANDARD = "gnu++20";
				CLANG_ENABLE_MODULES = YES;
				CLANG_ENABLE_OBJC_ARC = YES;
				CLANG_ENABLE_OBJC_WEAK = YES;
				CLANG_WARN_BLOCK_CAPTURE_AUTORELEASING = YES;
				CLANG_WARN_BOOL_CONVERSION = YES;
				CLANG_WARN_COMMA = YES;
				CLANG_WARN_CONSTANT_CONVERSION = YES;
				CLANG_WARN_DEPRECATED_OBJC_IMPLEMENTATIONS = YES;
				CLANG_WARN_DIRECT_OBJC_ISA_USAGE = YES_ERROR;
				CLANG_WARN_DOCUMENTATION_COMMENTS = YES;
				CLANG_WARN_EMPTY_BODY = YES;
				CLANG_WARN_ENUM_CONVERSION = YES;
				CLANG_WARN_INFINITE_RECURSION = YES;
				CLANG_WARN_INT_CONVERSION = YES;
				CLANG_WARN_NON_LITERAL_NULL_CONVERSION = YES;
				CLANG_WARN_OBJC_IMPLICIT_RETAIN_SELF = YES;
				CLANG_WARN_OBJC_LITERAL_CONVERSION = YES;
				CLANG_WARN_OBJC_ROOT_CLASS = YES_ERROR;
				CLANG_WARN_QUOTED_INCLUDE_IN_FRAMEWORK_HEADER = YES;
				CLANG_WARN_RANGE_LOOP_ANALYSIS = YES;
				CLANG_WARN_STRICT_PROTOTYPES = YES;
				CLANG_WARN_SUSPICIOUS_MOVE = YES;
				CLANG_WARN_UNGUARDED_AVAILABILITY = YES_AGGRESSIVE;
				CLANG_WARN_UNREACHABLE_CODE = YES;
				CLANG_WARN__DUPLICATE_METHOD_MATCH = YES;
				COPY_PHASE_STRIP = NO;
				DEBUG_INFORMATION_FORMAT = dwarf;
				ENABLE_STRICT_OBJC_MSGSEND = YES;
				ENABLE_TESTABILITY = YES;
				ENABLE_USER_SCRIPT_SANDBOXING = YES;
				GCC_C_LANGUAGE_STANDARD = gnu17;
				GCC_DYNAMIC_NO_PIC = NO;
				GCC_NO_COMMON_BLOCKS = YES;
				GCC_OPTIMIZATION_LEVEL = 0;
				GCC_PREPROCESSOR_DEFINITIONS = (
					"DEBUG=1",
					"$(inherited)",
				);
				GCC_WARN_64_TO_32_BIT_CONVERSION = YES;
				GCC_WARN_ABOUT_RETURN_TYPE = YES_ERROR;
				GCC_WARN_UNDECLARED_SELECTOR = YES;
				GCC_WARN_UNINITIALIZED_AUTOS = YES_AGGRESSIVE;
				GCC_WARN_UNUSED_FUNCTION = YES;
				GCC_WARN_UNUSED_VARIABLE = YES;
				IPHONEOS_DEPLOYMENT_TARGET = 16.0;
				LOCALIZATION_PREFERS_STRING_CATALOGS = YES;
				MTL_ENABLE_DEBUG_INFO = INCLUDE_SOURCE;
				MTL_FAST_MATH = YES;
				ONLY_ACTIVE_ARCH = YES;
				SDKROOT = iphoneos;
				SWIFT_ACTIVE_COMPILATION_CONDITIONS = "DEBUG $(inherited)";
				SWIFT_OPTIMIZATION_LEVEL = "-Onone";
			};
			name = Debug;
		};
		B7D5DB032B5C038900C7357E /* Release */ = {
			isa = XCBuildConfiguration;
			buildSettings = {
				ALWAYS_SEARCH_USER_PATHS = NO;
				ASSETCATALOG_COMPILER_GENERATE_SWIFT_ASSET_SYMBOL_EXTENSIONS = YES;
				CLANG_ANALYZER_NONNULL = YES;
				CLANG_ANALYZER_NUMBER_OBJECT_CONVERSION = YES_AGGRESSIVE;
				CLANG_CXX_LANGUAGE_STANDARD = "gnu++20";
				CLANG_ENABLE_MODULES = YES;
				CLANG_ENABLE_OBJC_ARC = YES;
				CLANG_ENABLE_OBJC_WEAK = YES;
				CLANG_WARN_BLOCK_CAPTURE_AUTORELEASING = YES;
				CLANG_WARN_BOOL_CONVERSION = YES;
				CLANG_WARN_COMMA = YES;
				CLANG_WARN_CONSTANT_CONVERSION = YES;
				CLANG_WARN_DEPRECATED_OBJC_IMPLEMENTATIONS = YES;
				CLANG_WARN_DIRECT_OBJC_ISA_USAGE = YES_ERROR;
				CLANG_WARN_DOCUMENTATION_COMMENTS = YES;
				CLANG_WARN_EMPTY_BODY = YES;
				CLANG_WARN_ENUM_CONVERSION = YES;
				CLANG_WARN_INFINITE_RECURSION = YES;
				CLANG_WARN_INT_CONVERSION = YES;
				CLANG_WARN_NON_LITERAL_NULL_CONVERSION = YES;
				CLANG_WARN_OBJC_IMPLICIT_RETAIN_SELF = YES;
				CLANG_WARN_OBJC_LITERAL_CONVERSION = YES;
				CLANG_WARN_OBJC_ROOT_CLASS = YES_ERROR;
				CLANG_WARN_QUOTED_INCLUDE_IN_FRAMEWORK_HEADER = YES;
				CLANG_WARN_RANGE_LOOP_ANALYSIS = YES;
				CLANG_WARN_STRICT_PROTOTYPES = YES;
				CLANG_WARN_SUSPICIOUS_MOVE = YES;
				CLANG_WARN_UNGUARDED_AVAILABILITY = YES_AGGRESSIVE;
				CLANG_WARN_UNREACHABLE_CODE = YES;
				CLANG_WARN__DUPLICATE_METHOD_MATCH = YES;
				COPY_PHASE_STRIP = NO;
				DEBUG_INFORMATION_FORMAT = "dwarf-with-dsym";
				ENABLE_NS_ASSERTIONS = NO;
				ENABLE_STRICT_OBJC_MSGSEND = YES;
				ENABLE_USER_SCRIPT_SANDBOXING = YES;
				GCC_C_LANGUAGE_STANDARD = gnu17;
				GCC_NO_COMMON_BLOCKS = YES;
				GCC_WARN_64_TO_32_BIT_CONVERSION = YES;
				GCC_WARN_ABOUT_RETURN_TYPE = YES_ERROR;
				GCC_WARN_UNDECLARED_SELECTOR = YES;
				GCC_WARN_UNINITIALIZED_AUTOS = YES_AGGRESSIVE;
				GCC_WARN_UNUSED_FUNCTION = YES;
				GCC_WARN_UNUSED_VARIABLE = YES;
				IPHONEOS_DEPLOYMENT_TARGET = 16.0;
				LOCALIZATION_PREFERS_STRING_CATALOGS = YES;
				MTL_ENABLE_DEBUG_INFO = NO;
				MTL_FAST_MATH = YES;
				SDKROOT = iphoneos;
				SWIFT_COMPILATION_MODE = wholemodule;
				VALIDATE_PRODUCT = YES;
			};
			name = Release;
		};
		B7D5DB052B5C038900C7357E /* Debug */ = {
			isa = XCBuildConfiguration;
			buildSettings = {
				ASSETCATALOG_COMPILER_APPICON_NAME = AppIcon;
				ASSETCATALOG_COMPILER_GLOBAL_ACCENT_COLOR_NAME = AccentColor;
				CODE_SIGN_STYLE = Automatic;
				CURRENT_PROJECT_VERSION = 1;
				DEVELOPMENT_ASSET_PATHS = "\"ComposableArchitectureTutorial/Preview Content\"";
				DEVELOPMENT_TEAM = 7Z8W92S6YL;
				ENABLE_PREVIEWS = YES;
				GENERATE_INFOPLIST_FILE = YES;
				INFOPLIST_FILE = ComposableArchitectureTutorial/Info.plist;
				INFOPLIST_KEY_UIApplicationSceneManifest_Generation = YES;
				INFOPLIST_KEY_UIApplicationSupportsIndirectInputEvents = YES;
				INFOPLIST_KEY_UILaunchScreen_Generation = YES;
				INFOPLIST_KEY_UISupportedInterfaceOrientations_iPad = "UIInterfaceOrientationPortrait UIInterfaceOrientationPortraitUpsideDown UIInterfaceOrientationLandscapeLeft UIInterfaceOrientationLandscapeRight";
				INFOPLIST_KEY_UISupportedInterfaceOrientations_iPhone = "UIInterfaceOrientationPortrait UIInterfaceOrientationLandscapeLeft UIInterfaceOrientationLandscapeRight";
				LD_RUNPATH_SEARCH_PATHS = (
					"$(inherited)",
					"@executable_path/Frameworks",
				);
				MARKETING_VERSION = 1.0;
				PRODUCT_BUNDLE_IDENTIFIER = Dongjun.ComposableArchitectureTutorial;
				PRODUCT_NAME = "$(TARGET_NAME)";
				SWIFT_EMIT_LOC_STRINGS = YES;
				SWIFT_VERSION = 5.0;
				TARGETED_DEVICE_FAMILY = "1,2";
			};
			name = Debug;
		};
		B7D5DB062B5C038900C7357E /* Release */ = {
			isa = XCBuildConfiguration;
			buildSettings = {
				ASSETCATALOG_COMPILER_APPICON_NAME = AppIcon;
				ASSETCATALOG_COMPILER_GLOBAL_ACCENT_COLOR_NAME = AccentColor;
				CODE_SIGN_STYLE = Automatic;
				CURRENT_PROJECT_VERSION = 1;
				DEVELOPMENT_ASSET_PATHS = "\"ComposableArchitectureTutorial/Preview Content\"";
				DEVELOPMENT_TEAM = 7Z8W92S6YL;
				ENABLE_PREVIEWS = YES;
				GENERATE_INFOPLIST_FILE = YES;
				INFOPLIST_FILE = ComposableArchitectureTutorial/Info.plist;
				INFOPLIST_KEY_UIApplicationSceneManifest_Generation = YES;
				INFOPLIST_KEY_UIApplicationSupportsIndirectInputEvents = YES;
				INFOPLIST_KEY_UILaunchScreen_Generation = YES;
				INFOPLIST_KEY_UISupportedInterfaceOrientations_iPad = "UIInterfaceOrientationPortrait UIInterfaceOrientationPortraitUpsideDown UIInterfaceOrientationLandscapeLeft UIInterfaceOrientationLandscapeRight";
				INFOPLIST_KEY_UISupportedInterfaceOrientations_iPhone = "UIInterfaceOrientationPortrait UIInterfaceOrientationLandscapeLeft UIInterfaceOrientationLandscapeRight";
				LD_RUNPATH_SEARCH_PATHS = (
					"$(inherited)",
					"@executable_path/Frameworks",
				);
				MARKETING_VERSION = 1.0;
				PRODUCT_BUNDLE_IDENTIFIER = Dongjun.ComposableArchitectureTutorial;
				PRODUCT_NAME = "$(TARGET_NAME)";
				SWIFT_EMIT_LOC_STRINGS = YES;
				SWIFT_VERSION = 5.0;
				TARGETED_DEVICE_FAMILY = "1,2";
			};
			name = Release;
		};
		B7D5DB082B5C038900C7357E /* Debug */ = {
			isa = XCBuildConfiguration;
			buildSettings = {
				ALWAYS_EMBED_SWIFT_STANDARD_LIBRARIES = YES;
				BUNDLE_LOADER = "$(TEST_HOST)";
				CODE_SIGN_STYLE = Automatic;
				CURRENT_PROJECT_VERSION = 1;
				DEVELOPMENT_TEAM = 7Z8W92S6YL;
				GENERATE_INFOPLIST_FILE = YES;
				IPHONEOS_DEPLOYMENT_TARGET = 17.0;
				MARKETING_VERSION = 1.0;
				PRODUCT_BUNDLE_IDENTIFIER = Dongjun.ComposableArchitectureTutorialTests;
				PRODUCT_NAME = "$(TARGET_NAME)";
				SWIFT_EMIT_LOC_STRINGS = NO;
				SWIFT_VERSION = 5.0;
				TARGETED_DEVICE_FAMILY = "1,2";
				TEST_HOST = "$(BUILT_PRODUCTS_DIR)/ComposableArchitectureTutorial.app/$(BUNDLE_EXECUTABLE_FOLDER_PATH)/ComposableArchitectureTutorial";
			};
			name = Debug;
		};
		B7D5DB092B5C038900C7357E /* Release */ = {
			isa = XCBuildConfiguration;
			buildSettings = {
				ALWAYS_EMBED_SWIFT_STANDARD_LIBRARIES = YES;
				BUNDLE_LOADER = "$(TEST_HOST)";
				CODE_SIGN_STYLE = Automatic;
				CURRENT_PROJECT_VERSION = 1;
				DEVELOPMENT_TEAM = 7Z8W92S6YL;
				GENERATE_INFOPLIST_FILE = YES;
				IPHONEOS_DEPLOYMENT_TARGET = 17.0;
				MARKETING_VERSION = 1.0;
				PRODUCT_BUNDLE_IDENTIFIER = Dongjun.ComposableArchitectureTutorialTests;
				PRODUCT_NAME = "$(TARGET_NAME)";
				SWIFT_EMIT_LOC_STRINGS = NO;
				SWIFT_VERSION = 5.0;
				TARGETED_DEVICE_FAMILY = "1,2";
				TEST_HOST = "$(BUILT_PRODUCTS_DIR)/ComposableArchitectureTutorial.app/$(BUNDLE_EXECUTABLE_FOLDER_PATH)/ComposableArchitectureTutorial";
			};
			name = Release;
		};
		B7D5DB0B2B5C038900C7357E /* Debug */ = {
			isa = XCBuildConfiguration;
			buildSettings = {
				ALWAYS_EMBED_SWIFT_STANDARD_LIBRARIES = YES;
				CODE_SIGN_STYLE = Automatic;
				CURRENT_PROJECT_VERSION = 1;
				DEVELOPMENT_TEAM = 7Z8W92S6YL;
				GENERATE_INFOPLIST_FILE = YES;
				MARKETING_VERSION = 1.0;
				PRODUCT_BUNDLE_IDENTIFIER = Dongjun.ComposableArchitectureTutorialUITests;
				PRODUCT_NAME = "$(TARGET_NAME)";
				SWIFT_EMIT_LOC_STRINGS = NO;
				SWIFT_VERSION = 5.0;
				TARGETED_DEVICE_FAMILY = "1,2";
				TEST_TARGET_NAME = ComposableArchitectureTutorial;
			};
			name = Debug;
		};
		B7D5DB0C2B5C038900C7357E /* Release */ = {
			isa = XCBuildConfiguration;
			buildSettings = {
				ALWAYS_EMBED_SWIFT_STANDARD_LIBRARIES = YES;
				CODE_SIGN_STYLE = Automatic;
				CURRENT_PROJECT_VERSION = 1;
				DEVELOPMENT_TEAM = 7Z8W92S6YL;
				GENERATE_INFOPLIST_FILE = YES;
				MARKETING_VERSION = 1.0;
				PRODUCT_BUNDLE_IDENTIFIER = Dongjun.ComposableArchitectureTutorialUITests;
				PRODUCT_NAME = "$(TARGET_NAME)";
				SWIFT_EMIT_LOC_STRINGS = NO;
				SWIFT_VERSION = 5.0;
				TARGETED_DEVICE_FAMILY = "1,2";
				TEST_TARGET_NAME = ComposableArchitectureTutorial;
			};
			name = Release;
		};
/* End XCBuildConfiguration section */

/* Begin XCConfigurationList section */
		B7D5DADB2B5C038800C7357E /* Build configuration list for PBXProject "ComposableArchitectureTutorial" */ = {
			isa = XCConfigurationList;
			buildConfigurations = (
				B7D5DB022B5C038900C7357E /* Debug */,
				B7D5DB032B5C038900C7357E /* Release */,
			);
			defaultConfigurationIsVisible = 0;
			defaultConfigurationName = Release;
		};
		B7D5DB042B5C038900C7357E /* Build configuration list for PBXNativeTarget "ComposableArchitectureTutorial" */ = {
			isa = XCConfigurationList;
			buildConfigurations = (
				B7D5DB052B5C038900C7357E /* Debug */,
				B7D5DB062B5C038900C7357E /* Release */,
			);
			defaultConfigurationIsVisible = 0;
			defaultConfigurationName = Release;
		};
		B7D5DB072B5C038900C7357E /* Build configuration list for PBXNativeTarget "ComposableArchitectureTutorialTests" */ = {
			isa = XCConfigurationList;
			buildConfigurations = (
				B7D5DB082B5C038900C7357E /* Debug */,
				B7D5DB092B5C038900C7357E /* Release */,
			);
			defaultConfigurationIsVisible = 0;
			defaultConfigurationName = Release;
		};
		B7D5DB0A2B5C038900C7357E /* Build configuration list for PBXNativeTarget "ComposableArchitectureTutorialUITests" */ = {
			isa = XCConfigurationList;
			buildConfigurations = (
				B7D5DB0B2B5C038900C7357E /* Debug */,
				B7D5DB0C2B5C038900C7357E /* Release */,
			);
			defaultConfigurationIsVisible = 0;
			defaultConfigurationName = Release;
		};
/* End XCConfigurationList section */

/* Begin XCRemoteSwiftPackageReference section */
		B7D5DB0D2B5C045400C7357E /* XCRemoteSwiftPackageReference "swift-composable-architecture" */ = {
			isa = XCRemoteSwiftPackageReference;
			repositoryURL = "https://github.com/pointfreeco/swift-composable-architecture";
			requirement = {
				kind = upToNextMajorVersion;
				minimumVersion = 1.6.0;
			};
		};
/* End XCRemoteSwiftPackageReference section */

/* Begin XCSwiftPackageProductDependency section */
		B7D5DB0E2B5C045400C7357E /* ComposableArchitecture */ = {
			isa = XCSwiftPackageProductDependency;
			package = B7D5DB0D2B5C045400C7357E /* XCRemoteSwiftPackageReference "swift-composable-architecture" */;
			productName = ComposableArchitecture;
		};
/* End XCSwiftPackageProductDependency section */
	};
	rootObject = B7D5DAD82B5C038800C7357E /* Project object */;
}
